{
  "src/pages/LoginPage.tsx": "ab1785875a4e600d65b030fce60cb3ee",
  "src/components/PreferencesDialog.tsx": "3a378ebdf0d8cdaeabd75122aefc95f1",
  "src/components/Layout.tsx": "604178e5219c868732d402f92947c1a4",
  "src/components/AppSidebar.tsx": "de7c4d8d875752cd3bf23bd0bb3125e8",
  "src/components/ui/sub-page-layout.tsx": "62772a260a1b2a404bb30f5f0d330d7d",
  "src/pages/ManagementPage.tsx": "6ffe6539990be53b4c0c056a40806f75",
  "src/pages/LibraryPage.tsx": "ad8603fa2ac2dd879ced288226e622cb",
  "src/pages/AdminPage.tsx": "156d2471ebcd9c71aef8e5521ff116ca",
  "src/pages/IntegrationPage.tsx": "2121a01c046a1916d83c67aa77f7fa73",
  "src/pages/DocsPage.tsx": "efc630c1bca9558a36cbefe18924a73a",
  "src/pages/SharePage.tsx": "0193ceabf3a593d61f1d4eaf26d806cc",
  "src/pages/OAuthAuthorizePage.tsx": "d7ec4fe9c8dd08ee5eb0f8d485a7b9c8",
  "src/pages/WorkspacePage.tsx": "6648de40141fe702b02b3aed97d107df",
  "src/components/TagsManageDialog.tsx": "6bd36a21d33dd2170205d0aae38eb061",
  "src/components/CommandPalette.tsx": "162412261ec9ebe1c4666c4efd13235a",
  "src/components/IntegrationPage.tsx": "df56165037aa7027d21c2d4d84691e53",
  "src/stores/AgentSessionContext.tsx": "cbd20628bf68f6ccdb909b19a4e3b83a",
  "src/stores/agent-session-store.ts": "12754aa18b39464bd7b53ea6e7a6d09c",
  "src/lib/api/sse.ts": "eaf2a484b360b48e27db8d075d1f1642",
  "src/lib/api/client.ts": "774aa7dc80943798ab69e2bd7ef47313",
  "src/hooks/useBrowsers.ts": "913a0ce1a4306423af1acf76fe344aa3",
  "src/hooks/useSandboxes.ts": "6f2f6a7d9ebe4420e0c59179c3618e92",
  "src/hooks/useWorkspaceConfig.ts": "28bd2812718e9d52925264d104cbe6e7",
  "src/hooks/useWorkspaces.ts": "f2e655b30ef9df1d4b4e0f7928a74b5c",
  "src/plugins/translation/ReviewChunkCard.tsx": "815c204191902798d84552559b91195c",
  "src/plugins/translation/WorkspaceReviewPanel.tsx": "f719eae89c95855aea2e5ee9b245d880",
  "src/plugins/translation/TermHighlighter.tsx": "dde0dbc4a79063b03a98cab282f1e56e",
  "src/App.tsx": "75e7fafc282b693693bef010f7183399",
  "src/main.tsx": "6fdd1907c864fd3befb1dc6cc5d355be",
  "src/stores/active-session-store.ts": "72c4f0887b17621fcb0d789c4c324022",
  "src/stores/draft-store.ts": "a8fcc2030e6fff8eb0d0241c69b8fb7b",
  "src/plugins/translation/alignSource.ts": "55ce38736589b0728b3b21e96e45de9d",
  "src/plugins/translation/groupByLocation.ts": "530f604f85f9a92b0e3fba927caf02df",
  "src/lib/i18n.ts": "d466b2727e02f20cae2eaa056fd15174",
  "src/lib/search-utils.ts": "030d4e3a367606961839191614f35762",
  "src/lib/session-utils.ts": "0b5bb81669c51d644d931a75e4378ef9",
  "src/lib/sound.ts": "6c740569340647bafd2b627c04ca4098",
  "src/lib/utils.ts": "d7954de6f43b0826c91fda3661a29777",
  "src/lib/api/types.ts": "87bd715e13f4f469064df29a1f28e1f0",
  "src/hooks/use-mobile.tsx": "aeaddfd0234c8ad696e5bc96ad23ef25",
  "src/hooks/useAgentInfo.ts": "bf9e3bffb469e26ead8c7aecfba76ede",
  "src/hooks/useAutoScroll.ts": "4d152f5af8f199edf67952a8855dabf0",
  "src/hooks/useAutoSelectSession.ts": "1c79e178602bec04579669b35aa78734",
  "src/hooks/useChatSearch.ts": "5a876787cb53302d9177cfabf1fc7902",
  "src/hooks/usePrompts.ts": "c568110b5a1884949a3075f3c81f6939",
  "src/hooks/useProviders.ts": "f7079680fd0c0c873f29c75236091233",
  "src/hooks/useResizablePanel.ts": "720894a8d1560e48e64ac7ef9f56fc63",
  "src/hooks/useSessionSource.ts": "54fe9d4bf0b14537b04be26f50703aa9",
  "src/hooks/useSessions.ts": "384b25085c0da512ebe5240f29c3a892",
  "src/hooks/useSkills.ts": "f3902c083813a4b0224cd2e657d58da7",
  "src/hooks/useTags.ts": "8426998fc5f713ef9be6e31d5714fdad",
  "src/hooks/useTemplates.ts": "c21a78291ef54b37dd64bb65400a3024",
  "src/components/chat/tool-renderers/registry.ts": "ca2faeface956c58f7d0536a16acf290",
  "src/components/chat/tool-renderers/types.ts": "1d91f91ef443320a4aa30543a45bf21e",
  "src/components/dialogs/index.ts": "d951fba152fdebe979f3d7f75de5f443",
  "src/components/workspace/use-overflow-tabs.ts": "eb9d564e44aa079417368f1028ed0e46",
  "src/components/ui/alert.tsx": "593bf69d9a5cc607ca8ba6d77dfcec94",
  "src/components/ui/badge.tsx": "991aa62691b5b10a40f8a61b1de0d659",
  "src/components/ui/button.tsx": "798b9bce1b26e4fed25b5c756835734b",
  "src/components/ui/card.tsx": "1a5480b58054d936b8122cb80ef8d124",
  "src/components/ui/checkbox.tsx": "201e40d4d5ddd39b6094d86c831ced20",
  "src/components/ui/collapsible.tsx": "767631bbc344945c236f185f4078d71d",
  "src/components/ui/command.tsx": "b95481ca6982fa6a8309544385c605a0",
  "src/components/ui/confirm-button.tsx": "82b95774ca148e13d187d73762a9eec7",
  "src/components/ui/dropdown-menu.tsx": "0be8dc2dd56b75f71eebe3764eb89aca",
  "src/components/ui/input.tsx": "b8279d768c2a1ce78a05a369a0502877",
  "src/components/ui/label.tsx": "28ee98554994e1343e0d374121c8de65",
  "src/components/ui/popover.tsx": "fc70a6c55ac2e65fef3344cdb78a3258",
  "src/components/ui/progress.tsx": "86009df363cc2ad7fa23f00188ff4ddf",
  "src/components/ui/resizable.tsx": "da87f894ceeddc5a209f48014f0126e7",
  "src/components/ui/scroll-area.tsx": "5512344d490f27549a9f3d55bc519833",
  "src/components/ui/select.tsx": "48730e3f4915a28b7fce0f3b62951789",
  "src/components/ui/separator.tsx": "537b5a1b39dae882e81a68909bf91a4e",
  "src/components/ui/skeleton.tsx": "c55f76f4faa1d6e888dbc51d41eaa586",
  "src/components/ui/sonner.tsx": "86456bf5665ff7f2741ed80375926449",
  "src/components/ui/spinner.tsx": "011f31c0b5dd71d629d3d1b82b51bfa4",
  "src/components/ui/switch.tsx": "1210b13831d433e8a9488bab91432dd4",
  "src/components/ui/tabs.tsx": "edad06f905be7a7e3634fdbe1b6ad61a",
  "src/components/ui/textarea.tsx": "344cefd7d89ec1b78a606c1a323b2cbf",
  "src/components/ui/tooltip.tsx": "5a9689ea27746bc61d32dd7e0ccbc0fe",
  "src/components/ui/diff-view.tsx": "3ee7f435a7f47afdb040f7abd394e4a7",
  "src/components/ui/documented-dialog.tsx": "591deb028b658457046555149ef90d43",
  "src/components/workspace/file-preview/ImagePreview.tsx": "81c3e8284de4c38d4dd33ea389aacfc8",
  "src/components/workspace/file-preview/CodePreview.tsx": "bdca72d7f791f14fb89a78d16dfd665a",
  "src/components/workspace/file-preview/MarkdownPreview.tsx": "28c072270c6dd9841c77a903ffd5b71d",
  "src/docs/index.ts": "c723a3e44d3514061ba68ba226de73f1",
  "src/docs/inline-help/agent-config-docs.ts": "b7732d30d393707add9b65de2b36262b",
  "src/docs/inline-help/connector-docs.ts": "4768ab7320e0accce40b4007eb4dec87",
  "src/docs/inline-help/credential-docs.ts": "4a4735d9124d17789e72556afddf6a3d",
  "src/docs/inline-help/provider-docs.ts": "568fd4a4399c7b8911921e1a733539ba",
  "src/docs/inline-help/route-docs.ts": "2cfb1a15506f83c1cf01ef08c08b4e15",
  "src/docs/inline-help/skill-docs.ts": "b1ea45e17bef3116ab3b697bb11f26e8",
  "src/plugins/reviewdeck/WorkspaceReviewdeckPanel.tsx": "f3b344339ba04a191c75fdfb635bcdec",
  "src/lib/api/channel-gateway.ts": "4b0dee91aec98c4829e759a2da429a3a",
  "src/lib/tag-colors.ts": "05bb56be57735808ca2997c21d4af404",
  "src/components/ThemeProvider.tsx": "657be4470db98f6b50c67fbac0080701",
  "src/contexts/AuthContext.tsx": "0492473d1e5865d35bd112742f6c7805",
  "src/contexts/DialogStackContext.tsx": "91cc5bf96cff716cbe365dd7971e7769",
  "src/lib/api/glossary.ts": "90a1916132ae58dbdf9e749892af54ec",
  "src/components/workspace/AskUserQuestionPanel.tsx": "4a69f5144e0a9d7dd4f84e38ce380187",
  "src/components/workspace/AutomationDropdown.tsx": "08eceaeadb575fc05ea935122e21be10",
  "src/components/workspace/ConfigResourcesButton.tsx": "4a842219d60bd17451b75ff6c5e7c564",
  "src/components/PromptEditor.tsx": "4bb8b5a1802226fe3968bfdc698572d0",
  "src/components/workspace/AgentConfigDialog.tsx": "df6c9b5da5033db3de679ca7133d9023",
  "src/components/workspace/AgentSettingsEditor.tsx": "41616a4bf54cf2131799054584cffece",
  "src/components/workspace/CommandTrigger.tsx": "3213c38481f41a95ec7ded782da21e9b",
  "src/components/workspace/ConfigCommandsButton.tsx": "d90b203099ad914481acd85b25ce25ad",
  "src/components/workspace/ConfigFormFields.tsx": "d555ffaee2d586d299f743ed4466e439",
  "src/components/workspace/ConfigSchedulesButton.tsx": "b886a36cb393cb44a8703c8f8cf2d5c0",
  "src/components/workspace/CreateWorkspaceForm.tsx": "05872a5bf9e792577c082e1cac1e4c19",
  "src/components/workspace/DeleteWorkspaceDialog.tsx": "1bcf3cc97534f3952ac572e33df68d04",
  "src/components/workspace/FileOverlay.tsx": "1668bdeba02292ff5c6eb913a0288365",
  "src/components/workspace/FileOverlayContext.tsx": "c50dcec280eefa635dbe7a21e78cd41a",
  "src/components/workspace/ModelFields.tsx": "e4ff9884edfe12bb77a4fb4628a60ced",
  "src/components/workspace/OverflowTabsList.tsx": "c9b8b6256a446f9e4513e4b3f981184d",
  "src/components/workspace/PromptField.tsx": "09d44e428d47d8e19679ad46a2ebdd64",
  "src/components/workspace/SaveAsTemplateDialog.tsx": "0b770dc3beb385c40cf19c51f1146e70",
  "src/components/workspace/ShareSessionButton.tsx": "6ad796fc00e1c8de57278da442daed11",
  "src/components/workspace/agent-config/FieldHint.tsx": "3b4a0671cde355234f0a60e0a655d5ae",
  "src/components/workspace/agent-config/ModelSection.tsx": "6572edaccdc6864c2894b131fea70448",
  "src/components/workspace/agent-config/PromptSection.tsx": "8af1183537b849e99b44201889d2545f",
  "src/components/workspace/agent-config/ModelPicker.tsx": "7bfc7adffa97830e97b6d88d887be507",
  "src/components/ui/combobox.tsx": "90bb3018eeff6889fc3fd6e549515160",
  "src/components/workspace/WorkspaceActionsMenu.tsx": "d5bd5b834f490939f18b501e4a8cd246",
  "src/components/workspace/WorkspaceBrowserPanel.tsx": "82739d8c59323477e4bc20b7cf515aa1",
  "src/components/workspace/WorkspaceMemoryPanel.tsx": "88addd0da7dd7d5a43c8b18894d2c152",
  "src/components/workspace/WorkspaceTerminalPanel.tsx": "f9114db1715308c0ab61d055e312046e",
  "src/components/workspace/FileViewer.tsx": "7555fb1d90707b07db06b39437c522c7",
  "src/components/workspace/SkillPicker.tsx": "3091f28ca02c9987fd7f70909b19e329",
  "src/components/workspace/WorkspaceSettingsDialog.tsx": "7f7572dd70df5d2ad48ee45d2f3b30bf",
  "src/components/workspace/agent-config/McpSection.tsx": "52c8ba8f5dad41cdc4eb747263f6d231",
  "src/components/workspace/agent-config/ResourcesSection.tsx": "329ea9e4634ffd4476f1f8de3181229a",
  "src/components/workspace/agent-config/SettingsSection.tsx": "669e9a89e13a51eab56c0cac1e33f150",
  "src/components/workspace/agent-config/SkillsSection.tsx": "66e0aa7071feba637d0a0cb5302dd000",
  "src/components/workspace/McpConfigEditor.tsx": "8275b14b2abfa2e7f8fb56f92722a81f",
  "src/components/workspace/WorkspaceFilesPanel.tsx": "2e3450302916786123b67bfcbb1b671c",
  "src/components/workspace/file-operations.tsx": "2007b168d223cc8ef84f9d59338ea543",
  "src/components/workspace/file-preview/FilePreview.tsx": "f4193edd0f8a565fde42041cafcb4ab3",
  "src/components/workspace/file-preview/CsvPreview.tsx": "2bbf5d7a8a116a8a58e1133bc6016a94",
  "src/components/workspace/file-preview/ExcalidrawPreview.tsx": "d37cbc4cde6fe730e6b8b2db90a18033",
  "src/components/workspace/WorkspaceSandboxPanel.tsx": "53bf95a3ce958511cbc94e6592f2c3f5",
  "src/components/workspace/WorkspaceChatPanel.tsx": "7b2d2e813907d2bb625ded1ed40cfd3e",
  "src/components/ui/save-button.tsx": "e58c93c648f6db11be77e224cadca3dc",
  "src/components/ui/timezone-select.tsx": "3d51fcd7b86847e7c602dcab7374bd9f",
  "src/components/ui/cron-editor.tsx": "9c6418f186d8bb4f23d27512835649ff",
  "src/components/ui/dialog.tsx": "10dd41eef881773cbf439a1829c67c78",
  "src/components/ui/markdown.tsx": "76a628ceb022788161d2a53db05503ed",
  "src/components/ui/sheet.tsx": "50ddec99f07a5c922fe143a3a2187aa6",
  "src/components/ui/sidebar.tsx": "56ad1dd028b37f4f514f3a3ad02d610e",
  "src/components/dialogs/CreateConnectorDialog.tsx": "33d17dcfdf0063a36aa8e46f5b008962",
  "src/components/dialogs/CreateCredentialDialog.tsx": "95549c16f366ef44841680ef9806a0e8",
  "src/components/dialogs/CreatePromptDialog.tsx": "e7600095cb43a201b0dd9649ce25fe61",
  "src/components/docs/SharedSession.tsx": "bbdb11cfaf4b8e45a3b09db6c1d96e62",
  "src/components/docs/TableOfContents.tsx": "68beec1a4e5c8a014032c68502a9a223",
  "src/components/dialogs/CreateProviderDialog.tsx": "190c5ce6623e0830ad61ab5368988a7a",
  "src/components/dialogs/CreateRouteDialog.tsx": "94cb16c8bc0e5e5a3b644a5eb93a92f7",
  "src/components/dialogs/CreateServiceTokenDialog.tsx": "83d4ab1db789d69dc015b89fcc9c6ffc",
  "src/components/management/CredentialsSection.tsx": "a8f988adb66666de749c5d9357dcf71a",
  "src/components/integration/ConnectorsSection.tsx": "ade6b2ffa4b46158300641d0e208f8ce",
  "src/components/dialogs/CreateSkillDialog.tsx": "daa37f5f0ba7d3bcc6be4eb75e584f4f",
  "src/components/dialogs/CreateTemplateDialog.tsx": "b33dfd607ef929c94ace502754144a21",
  "src/components/dialogs/CreateUserDialog.tsx": "df9b2712a51669a9f316d08152e6e9f4",
  "src/components/dialogs/ResetPasswordDialog.tsx": "2e558d9c9d54ed18616fb597fe19dd23",
  "src/components/chat/ChatInput.tsx": "4060dd4783c2887415b2984c47b776cb",
  "src/components/chat/MessageBubble.tsx": "0d03547f17e97f5201c65a5d5b39510d",
  "src/components/chat/ToolCallBlock.tsx": "f842fef41e30948f8722e927e6c61210",
  "src/components/chat/TurnStatsBar.tsx": "8136b0e4c9251d60bed856f576c9eb8d",
  "src/components/integration/ConnectorRowView.tsx": "401c41858d9e50d3fbe36c95a7e060af",
  "src/components/integration/RouteCardView.tsx": "fc814d890a39c2a3b6feb75f4551c084",
  "src/components/chat/AgentTypeContext.tsx": "dea8db2d4d31f97c6f8258f30f542331",
  "src/components/management/ServiceTokensSection.tsx": "2594c7c0ad755c7d18808b5eebe07d68",
  "src/components/chat/tool-renderers/defaults.tsx": "27d08ad09b6d33dc52a56dd4ed0bb515",
  "src/components/chat/tool-renderers/mcp/browser.tsx": "5a28e0bd7baa0a561371cd9c9da0b7cb",
  "src/components/chat/tool-renderers/mcp/glossary.tsx": "39f321e251854a8063d8c32ea8f13b93",
  "src/components/chat/tool-renderers/mcp/qa-rules.tsx": "d02e52ff2b763e58e596c36377675b0c",
  "src/components/management/ProvidersSection.tsx": "4105e11b6ab65ea751373c8a4a8c5026",
  "src/components/library/PromptsSection.tsx": "a2a7bfc83cf9363bf471f21b175d19be",
  "src/components/chat/tool-renderers/mcp/agent.tsx": "14ea785b91aad2e53a1745cac7b1a17f",
  "src/components/chat/tool-renderers/mcp/memory.tsx": "58d33378ef0979633c74c3ab0c86a0e4",
  "src/components/chat/tool-renderers/mcp/review.tsx": "50ef7b017ce19192d1940ac32b277378",
  "src/components/chat/tool-renderers/mcp/sandbox.tsx": "50c6471203e3967a583994e83081b7cc",
  "src/components/chat/tool-renderers/mcp/tm.tsx": "b82f4b4abc6e05741c48ea0dcf7d5fcd",
  "src/components/chat/tool-renderers/fallbacks/claude-fallback.tsx": "eadeed0244ce0ceb25f3af68a5615f3c",
  "src/components/chat/tool-renderers/fallbacks/codex-fallback.tsx": "85b7ed94d10346a6e9014be499f129bf",
  "src/components/chat/tool-renderers/codex/edit.tsx": "55975e09cf970fa45ddc4f79c49d4ed4",
  "src/components/chat/tool-renderers/codex/exec.tsx": "81a5b87155702040bb64e88c64050b57",
  "src/components/chat/tool-renderers/claude/agent.tsx": "17ef22288874dad1e060eaebdfa20b59",
  "src/components/chat/tool-renderers/claude/bash.tsx": "fce44e0183ee7629697ad40214d46594",
  "src/components/chat/tool-renderers/claude/file-edit.tsx": "7544261961a34ca76f21ad32321eb975",
  "src/components/chat/tool-renderers/claude/file-read.tsx": "ddc7604a22540effa7a48381d388dd3a",
  "src/components/chat/tool-renderers/claude/search.tsx": "81af5a7e12f0b505dc2becfe6547c734",
  "src/components/chat/tool-renderers/claude/todo.tsx": "7f9fc4dd6706165ed53887d89ae83054",
  "src/components/chat/tool-renderers/claude/web.tsx": "da47f53d27d0691852e58248e8c5a50c",
  "src/components/admin/UsersSection.tsx": "1a897a7dd0df80256acb0bc1b3b125aa",
  "src/components/admin/DashboardSection.tsx": "7ba6ccbc400de1aa596000a3db7acc14",
  "src/components/admin/InfraSection.tsx": "13ca152bdede89f403b5d1fe77ca9a9d",
  "src/components/workspace/WorkspaceSkillsPanel.tsx": "b3461ce89ef1203fa66d984615164bbc",
  "src/components/library/SkillsSection.tsx": "0c112a6991c820f08f5ff2a5cf4acecc",
  "src/components/library/TemplateConfigView.tsx": "d7f5dd2b16ea2fa1edcd4632adeb7ed4",
  "src/components/library/TemplatesSection.tsx": "a0502467310c026fae607e6933d1c1d0",
  "src/components/library/PromptOptimizerDialog.tsx": "81e0c3ebaf80c8b01ef5a4e35cdcd829",
  "src/plugins/translation/LineNumberGutter.tsx": "f5307de20d48f8770f1a938c83ae0a72",
  "src/hooks/useCommands.ts": "49a888b6f2e23c1fa9d313ed57f24e60",
  "src/lib/excalidraw-loader.ts": "9ca43c400efa060cfcb63a37fbf4f81e",
  "src/lib/api/agent-files.ts": "ffb0d11f66c873ebe22754f434c98f00",
  "src/docs/inline-help/preferences-docs.ts": "66c3355ad72452f626d011accdb62dc2",
  "src/hooks/useSchedules.ts": "f66088c5c581731fed95039763c67aec"
}
